PODS:
  - TestPodCarthage (1.0.3)

DEPENDENCIES:
  - TestPodCarthage (from `https://github.com/herveperoteau/TestPodCarthage.git`, tag `1.0.3`)

EXTERNAL SOURCES:
  TestPodCarthage:
    :git: https://github.com/herveperoteau/TestPodCarthage.git
    :tag: 1.0.3

CHECKOUT OPTIONS:
  TestPodCarthage:
    :git: https://github.com/herveperoteau/TestPodCarthage.git
    :tag: 1.0.3

SPEC CHECKSUMS:
  TestPodCarthage: fee1f1baa2f7903d95b145cbc24f7843e7c47eb9

PODFILE CHECKSUM: 8830649dbbad8d609e1c4785d70eaec50c3bb58c

COCOAPODS: 1.3.1
